{
  "name": "htmlstarterkit",
  "version": "1.0.0",
  "lockfileVersion": 1,
  "requires": true,
  "dependencies": {
    "html5-boilerplate": {
      "version": "7.0.1",
      "resolved": "https://registry.npmjs.org/html5-boilerplate/-/html5-boilerplate-7.0.1.tgz",
      "integrity": "sha512-eAzR7eWX+wqL6Oh11tQG1NECfKVvZwPlyGa+WIVKg068JPlYXkqCmTDTA1KnK/Kd/B8QD6yxdc+626zVQKaHmA=="
    }
  }
}
